github.com/google/go-cmp v0.7.0 h1:wk8382ETsv4JYUZwIsn6YpYiWiBsYLSJiTsyBybVuN8=
github.com/google/go-cmp v0.7.0/go.mod h1:pXiqmnSA92OHEEa9HXL2W4E7lf9JzCmGVUdgjX3N/iU=
github.com/govalues/decimal v0.1.36 h1:dojDpsSvrk0ndAx8+saW5h9WDIHdWpIwrH/yhl9olyU=
github.com/govalues/decimal v0.1.36/go.mod h1:Ee7eI3Llf7hfqDZtpj8Q6NCIgJy1iY3kH1pSwDrNqlM=
github.com/magefile/mage v1.17.2 h1:fyXVu1eadI8Ap1HCCNgEhJ5McIWiYhLR8uol64ZZc40=
github.com/magefile/mage v1.17.2/go.mod h1:Yj51kqllmsgFpvvSzgrZPK9WtluG3kUhFaBUVLo4feA=
github.com/rickb777/expect v1.3.3 h1:MzLKKABqnSIW3t+2HZm8k25WnT7MdCircIH1SQYmcqo=
github.com/rickb777/expect v1.3.3/go.mod h1:PnKIXmYP9Eo+ZhiFoGSQrmyvIgubFw7hD/4SaKo0mdc=
github.com/rickb777/period v1.0.31 h1:iBXXwedvfstwUi3Or1EEV+FnEa/mWezujRhbaesG2L8=
github.com/rickb777/period v1.0.31/go.mod h1:ILVmTK375pBGr9UvJkvNwwAZHd16Q+1ipoozbP5VzPY=
github.com/rickb777/plural/v2 v2.1.1 h1:PnnkkMn62hxJIfdBWaPKH3jUFJQliqqGEqHAYhnINVs=
github.com/rickb777/plural/v2 v2.1.1/go.mod h1:VQ7T01f3Xi9EqnIE0vMBw3351Bj2xWVle4TOccdlB7I=
golang.org/x/text v0.41.0 h1:vz/seA0lnX87Othu2f/0L24RcgrXD9/YFTSuGjj3rH8=
golang.org/x/text v0.41.0/go.mod h1:jvf1O8ajNzZqhSrQBPbutR/EB83Cc0CFrezNQIwbb5M=
