github.com/google/go-cmp v0.7.0 h1:wk8382ETsv4JYUZwIsn6YpYiWiBsYLSJiTsyBybVuN8=
github.com/google/go-cmp v0.7.0/go.mod h1:pXiqmnSA92OHEEa9HXL2W4E7lf9JzCmGVUdgjX3N/iU=
github.com/govalues/decimal v0.1.36 h1:dojDpsSvrk0ndAx8+saW5h9WDIHdWpIwrH/yhl9olyU=
github.com/govalues/decimal v0.1.36/go.mod h1:Ee7eI3Llf7hfqDZtpj8Q6NCIgJy1iY3kH1pSwDrNqlM=
github.com/magefile/mage v1.17.2 h1:fyXVu1eadI8Ap1HCCNgEhJ5McIWiYhLR8uol64ZZc40=
github.com/magefile/mage v1.17.2/go.mod h1:Yj51kqllmsgFpvvSzgrZPK9WtluG3kUhFaBUVLo4feA=
github.com/rickb777/expect v1.2.1 h1:7Sorr+a2GMr/iTrLbNJkrRFJ93s0b4yHkiy0qo8/Eww=
github.com/rickb777/expect v1.2.1/go.mod h1:oH4sLnpnBxjL5TtXGipDuS43LaENQAhGAcMUp37SuOc=
github.com/rickb777/period v1.0.27 h1:RYyvBDyAmxGga5IHf7LBB3JMTz7Fyjl4TY0zv6SfCTg=
github.com/rickb777/period v1.0.27/go.mod h1:9zPNNM4u3Sl/8XMdPAZKystbcbrb0ELDiC/d6milbHw=
github.com/rickb777/plural v1.4.10 h1:qaHV20qA9F2o3F/aiGxvRP/idS6mrkz64YhoNSP7aSI=
github.com/rickb777/plural v1.4.10/go.mod h1:NaRKc+CBxKgvrUu2aNX2+Ahbbv4J2YN9t8mVvS+mEF0=
golang.org/x/text v0.37.0 h1:Cqjiwd9eSg8e0QAkyCaQTNHFIIzWtidPahFWR83rTrc=
golang.org/x/text v0.37.0/go.mod h1:a5sjxXGs9hsn/AJVwuElvCAo9v8QYLzvavO5z2PiM38=
