# This file is autogenerated, do not edit; changes may be undone by the next 'dep ensure'.


[[projects]]
  name = "github.com/rickb777/plural"
  packages = ["."]
  revision = "7589705ae1b0a218b5389c04b1505e0c8defbc1f"
  version = "v1.2.0"

[solve-meta]
  analyzer-name = "dep"
  analyzer-version = 1
  inputs-digest = "1f971ef25906ec07445b5e0dbbb90e964612f80d60ae1ab8db48337a5fed448d"
  solver-name = "gps-cdcl"
  solver-version = 1
